# This file is automatically @generated by Cargo.
# It is not intended for manual editing.
version = 4

[[package]]
name = "dep-no-mod"
version = "0.1.0"

[[package]]
name = "dep-with-mod"
version = "0.1.0"

[[package]]
name = "pass-mod-with-dep-in-subdir"
version = "0.1.0"
dependencies = [
 "dep-no-mod",
]

[[package]]
name = "pass-no-mod-with-dep-in-subdir"
version = "0.1.0"
dependencies = [
 "dep-with-mod",
]

[[package]]
name = "path_dep"
version = "0.1.0"

[[package]]
name = "subcrate"
version = "0.1.0"
dependencies = [
 "path_dep",
]

[[package]]
name = "workspace-test"
version = "0.1.0"
